// !$*UTF8*$!
{
	archiveVersion = 1;
	classes = {
	};
	objectVersion = 56;
	objects = {

/* Begin PBXBuildFile section */
		49C015EF2B84774800029BC0 /* HealthHomieTabView.swift in Sources */ = {isa = PBXBuildFile; fileRef = 49C015EE2B84774800029BC0 /* HealthHomieTabView.swift */; };
		49C015F12B84779F00029BC0 /* HomeView.swift in Sources */ = {isa = PBXBuildFile; fileRef = 49C015F02B84779F00029BC0 /* HomeView.swift */; };
		49C015F32B84781500029BC0 /* ActivityCard.swift in Sources */ = {isa = PBXBuildFile; fileRef = 49C015F22B84781500029BC0 /* ActivityCard.swift */; };
		49C015F52B88581F00029BC0 /* HealthManager.swift in Sources */ = {isa = PBXBuildFile; fileRef = 49C015F42B88581F00029BC0 /* HealthManager.swift */; };
		787A4DEA2B8428EE0018D58F /* HealthHomiesApp.swift in Sources */ = {isa = PBXBuildFile; fileRef = 787A4DE92B8428EE0018D58F /* HealthHomiesApp.swift */; };
		787A4DEC2B8428EE0018D58F /* ContentView.swift in Sources */ = {isa = PBXBuildFile; fileRef = 787A4DEB2B8428EE0018D58F /* ContentView.swift */; };
		787A4DEE2B8428EF0018D58F /* Assets.xcassets in Resources */ = {isa = PBXBuildFile; fileRef = 787A4DED2B8428EF0018D58F /* Assets.xcassets */; };
		787A4DF12B8428EF0018D58F /* Preview Assets.xcassets in Resources */ = {isa = PBXBuildFile; fileRef = 787A4DF02B8428EF0018D58F /* Preview Assets.xcassets */; };
		787A4DFB2B8428EF0018D58F /* HealthHomiesTests.swift in Sources */ = {isa = PBXBuildFile; fileRef = 787A4DFA2B8428EF0018D58F /* HealthHomiesTests.swift */; };
		787A4E052B8428EF0018D58F /* HealthHomiesUITests.swift in Sources */ = {isa = PBXBuildFile; fileRef = 787A4E042B8428EF0018D58F /* HealthHomiesUITests.swift */; };
		787A4E072B8428EF0018D58F /* HealthHomiesUITestsLaunchTests.swift in Sources */ = {isa = PBXBuildFile; fileRef = 787A4E062B8428EF0018D58F /* HealthHomiesUITestsLaunchTests.swift */; };
		787A4E192B842A720018D58F /* FirebaseAnalytics in Frameworks */ = {isa = PBXBuildFile; productRef = 787A4E182B842A720018D58F /* FirebaseAnalytics */; };
		787A4E1B2B842A720018D58F /* FirebaseAnalyticsSwift in Frameworks */ = {isa = PBXBuildFile; productRef = 787A4E1A2B842A720018D58F /* FirebaseAnalyticsSwift */; };
		787A4E282B8432470018D58F /* FirebaseAnalyticsOnDeviceConversion in Frameworks */ = {isa = PBXBuildFile; productRef = 787A4E272B8432470018D58F /* FirebaseAnalyticsOnDeviceConversion */; };
		787A4E2A2B8432470018D58F /* FirebaseAnalyticsWithoutAdIdSupport in Frameworks */ = {isa = PBXBuildFile; productRef = 787A4E292B8432470018D58F /* FirebaseAnalyticsWithoutAdIdSupport */; };
		787A4E2C2B8434070018D58F /* GoogleService-Info.plist in Resources */ = {isa = PBXBuildFile; fileRef = 787A4E2B2B8434070018D58F /* GoogleService-Info.plist */; };
/* End PBXBuildFile section */

/* Begin PBXContainerItemProxy section */
		787A4DF72B8428EF0018D58F /* PBXContainerItemProxy */ = {
			isa = PBXContainerItemProxy;
			containerPortal = 787A4DDE2B8428EE0018D58F /* Project object */;
			proxyType = 1;
			remoteGlobalIDString = 787A4DE52B8428EE0018D58F;
			remoteInfo = HealthHomies;
		};
		787A4E012B8428EF0018D58F /* PBXContainerItemProxy */ = {
			isa = PBXContainerItemProxy;
			containerPortal = 787A4DDE2B8428EE0018D58F /* Project object */;
			proxyType = 1;
			remoteGlobalIDString = 787A4DE52B8428EE0018D58F;
			remoteInfo = HealthHomies;
		};
/* End PBXContainerItemProxy section */

/* Begin PBXFileReference section */
		49C015EE2B84774800029BC0 /* HealthHomieTabView.swift */ = {isa = PBXFileReference; lastKnownFileType = sourcecode.swift; path = HealthHomieTabView.swift; sourceTree = "<group>"; };
		49C015F02B84779F00029BC0 /* HomeView.swift */ = {isa = PBXFileReference; lastKnownFileType = sourcecode.swift; path = HomeView.swift; sourceTree = "<group>"; };
		49C015F22B84781500029BC0 /* ActivityCard.swift */ = {isa = PBXFileReference; lastKnownFileType = sourcecode.swift; path = ActivityCard.swift; sourceTree = "<group>"; };
		49C015F42B88581F00029BC0 /* HealthManager.swift */ = {isa = PBXFileReference; lastKnownFileType = sourcecode.swift; path = HealthManager.swift; sourceTree = "<group>"; };
		49C015F62B885D3500029BC0 /* HealthHomies.entitlements */ = {isa = PBXFileReference; lastKnownFileType = text.plist.entitlements; path = HealthHomies.entitlements; sourceTree = "<group>"; };
		787A4DE62B8428EE0018D58F /* HealthHomies.app */ = {isa = PBXFileReference; explicitFileType = wrapper.application; includeInIndex = 0; path = HealthHomies.app; sourceTree = BUILT_PRODUCTS_DIR; };
		787A4DE92B8428EE0018D58F /* HealthHomiesApp.swift */ = {isa = PBXFileReference; lastKnownFileType = sourcecode.swift; path = HealthHomiesApp.swift; sourceTree = "<group>"; };
		787A4DEB2B8428EE0018D58F /* ContentView.swift */ = {isa = PBXFileReference; lastKnownFileType = sourcecode.swift; path = ContentView.swift; sourceTree = "<group>"; };
		787A4DED2B8428EF0018D58F /* Assets.xcassets */ = {isa = PBXFileReference; lastKnownFileType = folder.assetcatalog; path = Assets.xcassets; sourceTree = "<group>"; };
		787A4DF02B8428EF0018D58F /* Preview Assets.xcassets */ = {isa = PBXFileReference; lastKnownFileType = folder.assetcatalog; path = "Preview Assets.xcassets"; sourceTree = "<group>"; };
		787A4DF62B8428EF0018D58F /* HealthHomiesTests.xctest */ = {isa = PBXFileReference; explicitFileType = wrapper.cfbundle; includeInIndex = 0; path = HealthHomiesTests.xctest; sourceTree = BUILT_PRODUCTS_DIR; };
		787A4DFA2B8428EF0018D58F /* HealthHomiesTests.swift */ = {isa = PBXFileReference; lastKnownFileType = sourcecode.swift; path = HealthHomiesTests.swift; sourceTree = "<group>"; };
		787A4E002B8428EF0018D58F /* HealthHomiesUITests.xctest */ = {isa = PBXFileReference; explicitFileType = wrapper.cfbundle; includeInIndex = 0; path = HealthHomiesUITests.xctest; sourceTree = BUILT_PRODUCTS_DIR; };
		787A4E042B8428EF0018D58F /* HealthHomiesUITests.swift */ = {isa = PBXFileReference; lastKnownFileType = sourcecode.swift; path = HealthHomiesUITests.swift; sourceTree = "<group>"; };
		787A4E062B8428EF0018D58F /* HealthHomiesUITestsLaunchTests.swift */ = {isa = PBXFileReference; lastKnownFileType = sourcecode.swift; path = HealthHomiesUITestsLaunchTests.swift; sourceTree = "<group>"; };
		787A4E2B2B8434070018D58F /* GoogleService-Info.plist */ = {isa = PBXFileReference; lastKnownFileType = text.plist; path = "GoogleService-Info.plist"; sourceTree = SOURCE_ROOT; };
/* End PBXFileReference section */

/* Begin PBXFrameworksBuildPhase section */
		787A4DE32B8428EE0018D58F /* Frameworks */ = {
			isa = PBXFrameworksBuildPhase;
			buildActionMask = 2147483647;
			files = (
				787A4E1B2B842A720018D58F /* FirebaseAnalyticsSwift in Frameworks */,
				787A4E282B8432470018D58F /* FirebaseAnalyticsOnDeviceConversion in Frameworks */,
				787A4E192B842A720018D58F /* FirebaseAnalytics in Frameworks */,
				787A4E2A2B8432470018D58F /* FirebaseAnalyticsWithoutAdIdSupport in Frameworks */,
			);
			runOnlyForDeploymentPostprocessing = 0;
		};
		787A4DF32B8428EF0018D58F /* Frameworks */ = {
			isa = PBXFrameworksBuildPhase;
			buildActionMask = 2147483647;
			files = (
			);
			runOnlyForDeploymentPostprocessing = 0;
		};
		787A4DFD2B8428EF0018D58F /* Frameworks */ = {
			isa = PBXFrameworksBuildPhase;
			buildActionMask = 2147483647;
			files = (
			);
			runOnlyForDeploymentPostprocessing = 0;
		};
/* End PBXFrameworksBuildPhase section */

/* Begin PBXGroup section */
		787A4DDD2B8428EE0018D58F = {
			isa = PBXGroup;
			children = (
				787A4DE82B8428EE0018D58F /* HealthHomies */,
				787A4DF92B8428EF0018D58F /* HealthHomiesTests */,
				787A4E032B8428EF0018D58F /* HealthHomiesUITests */,
				787A4DE72B8428EE0018D58F /* Products */,
				787A4E262B8432470018D58F /* Frameworks */,
			);
			sourceTree = "<group>";
		};
		787A4DE72B8428EE0018D58F /* Products */ = {
			isa = PBXGroup;
			children = (
				787A4DE62B8428EE0018D58F /* HealthHomies.app */,
				787A4DF62B8428EF0018D58F /* HealthHomiesTests.xctest */,
				787A4E002B8428EF0018D58F /* HealthHomiesUITests.xctest */,
			);
			name = Products;
			sourceTree = "<group>";
		};
		787A4DE82B8428EE0018D58F /* HealthHomies */ = {
			isa = PBXGroup;
			children = (
				49C015F62B885D3500029BC0 /* HealthHomies.entitlements */,
				787A4DE92B8428EE0018D58F /* HealthHomiesApp.swift */,
				787A4DEB2B8428EE0018D58F /* ContentView.swift */,
				787A4DED2B8428EF0018D58F /* Assets.xcassets */,
				787A4E2B2B8434070018D58F /* GoogleService-Info.plist */,
				787A4DEF2B8428EF0018D58F /* Preview Content */,
				49C015EE2B84774800029BC0 /* HealthHomieTabView.swift */,
				49C015F02B84779F00029BC0 /* HomeView.swift */,
				49C015F22B84781500029BC0 /* ActivityCard.swift */,
				49C015F42B88581F00029BC0 /* HealthManager.swift */,
			);
			path = HealthHomies;
			sourceTree = "<group>";
		};
		787A4DEF2B8428EF0018D58F /* Preview Content */ = {
			isa = PBXGroup;
			children = (
				787A4DF02B8428EF0018D58F /* Preview Assets.xcassets */,
			);
			path = "Preview Content";
			sourceTree = "<group>";
		};
		787A4DF92B8428EF0018D58F /* HealthHomiesTests */ = {
			isa = PBXGroup;
			children = (
				787A4DFA2B8428EF0018D58F /* HealthHomiesTests.swift */,
			);
			path = HealthHomiesTests;
			sourceTree = "<group>";
		};
		787A4E032B8428EF0018D58F /* HealthHomiesUITests */ = {
			isa = PBXGroup;
			children = (
				787A4E042B8428EF0018D58F /* HealthHomiesUITests.swift */,
				787A4E062B8428EF0018D58F /* HealthHomiesUITestsLaunchTests.swift */,
			);
			path = HealthHomiesUITests;
			sourceTree = "<group>";
		};
		787A4E262B8432470018D58F /* Frameworks */ = {
			isa = PBXGroup;
			children = (
			);
			name = Frameworks;
			sourceTree = "<group>";
		};
/* End PBXGroup section */

/* Begin PBXNativeTarget section */
		787A4DE52B8428EE0018D58F /* HealthHomies */ = {
			isa = PBXNativeTarget;
			buildConfigurationList = 787A4E0A2B8428EF0018D58F /* Build configuration list for PBXNativeTarget "HealthHomies" */;
			buildPhases = (
				787A4DE22B8428EE0018D58F /* Sources */,
				787A4DE32B8428EE0018D58F /* Frameworks */,
				787A4DE42B8428EE0018D58F /* Resources */,
			);
			buildRules = (
			);
			dependencies = (
			);
			name = HealthHomies;
			packageProductDependencies = (
				787A4E182B842A720018D58F /* FirebaseAnalytics */,
				787A4E1A2B842A720018D58F /* FirebaseAnalyticsSwift */,
				787A4E272B8432470018D58F /* FirebaseAnalyticsOnDeviceConversion */,
				787A4E292B8432470018D58F /* FirebaseAnalyticsWithoutAdIdSupport */,
			);
			productName = HealthHomies;
			productReference = 787A4DE62B8428EE0018D58F /* HealthHomies.app */;
			productType = "com.apple.product-type.application";
		};
		787A4DF52B8428EF0018D58F /* HealthHomiesTests */ = {
			isa = PBXNativeTarget;
			buildConfigurationList = 787A4E0D2B8428EF0018D58F /* Build configuration list for PBXNativeTarget "HealthHomiesTests" */;
			buildPhases = (
				787A4DF22B8428EF0018D58F /* Sources */,
				787A4DF32B8428EF0018D58F /* Frameworks */,
				787A4DF42B8428EF0018D58F /* Resources */,
			);
			buildRules = (
			);
			dependencies = (
				787A4DF82B8428EF0018D58F /* PBXTargetDependency */,
			);
			name = HealthHomiesTests;
			productName = HealthHomiesTests;
			productReference = 787A4DF62B8428EF0018D58F /* HealthHomiesTests.xctest */;
			productType = "com.apple.product-type.bundle.unit-test";
		};
		787A4DFF2B8428EF0018D58F /* HealthHomiesUITests */ = {
			isa = PBXNativeTarget;
			buildConfigurationList = 787A4E102B8428EF0018D58F /* Build configuration list for PBXNativeTarget "HealthHomiesUITests" */;
			buildPhases = (
				787A4DFC2B8428EF0018D58F /* Sources */,
				787A4DFD2B8428EF0018D58F /* Frameworks */,
				787A4DFE2B8428EF0018D58F /* Resources */,
			);
			buildRules = (
			);
			dependencies = (
				787A4E022B8428EF0018D58F /* PBXTargetDependency */,
			);
			name = HealthHomiesUITests;
			productName = HealthHomiesUITests;
			productReference = 787A4E002B8428EF0018D58F /* HealthHomiesUITests.xctest */;
			productType = "com.apple.product-type.bundle.ui-testing";
		};
/* End PBXNativeTarget section */

/* Begin PBXProject section */
		787A4DDE2B8428EE0018D58F /* Project object */ = {
			isa = PBXProject;
			attributes = {
				BuildIndependentTargetsInParallel = 1;
				LastSwiftUpdateCheck = 1520;
				LastUpgradeCheck = 1520;
				TargetAttributes = {
					787A4DE52B8428EE0018D58F = {
						CreatedOnToolsVersion = 15.2;
					};
					787A4DF52B8428EF0018D58F = {
						CreatedOnToolsVersion = 15.2;
						TestTargetID = 787A4DE52B8428EE0018D58F;
					};
					787A4DFF2B8428EF0018D58F = {
						CreatedOnToolsVersion = 15.2;
						TestTargetID = 787A4DE52B8428EE0018D58F;
					};
				};
			};
			buildConfigurationList = 787A4DE12B8428EE0018D58F /* Build configuration list for PBXProject "HealthHomies" */;
			compatibilityVersion = "Xcode 14.0";
			developmentRegion = en;
			hasScannedForEncodings = 0;
			knownRegions = (
				en,
				Base,
			);
			mainGroup = 787A4DDD2B8428EE0018D58F;
			packageReferences = (
				787A4E172B842A720018D58F /* XCRemoteSwiftPackageReference "firebase-ios-sdk" */,
			);
			productRefGroup = 787A4DE72B8428EE0018D58F /* Products */;
			projectDirPath = "";
			projectRoot = "";
			targets = (
				787A4DE52B8428EE0018D58F /* HealthHomies */,
				787A4DF52B8428EF0018D58F /* HealthHomiesTests */,
				787A4DFF2B8428EF0018D58F /* HealthHomiesUITests */,
			);
		};
/* End PBXProject section */

/* Begin PBXResourcesBuildPhase section */
		787A4DE42B8428EE0018D58F /* Resources */ = {
			isa = PBXResourcesBuildPhase;
			buildActionMask = 2147483647;
			files = (
				787A4DF12B8428EF0018D58F /* Preview Assets.xcassets in Resources */,
				787A4DEE2B8428EF0018D58F /* Assets.xcassets in Resources */,
				787A4E2C2B8434070018D58F /* GoogleService-Info.plist in Resources */,
			);
			runOnlyForDeploymentPostprocessing = 0;
		};
		787A4DF42B8428EF0018D58F /* Resources */ = {
			isa = PBXResourcesBuildPhase;
			buildActionMask = 2147483647;
			files = (
			);
			runOnlyForDeploymentPostprocessing = 0;
		};
		787A4DFE2B8428EF0018D58F /* Resources */ = {
			isa = PBXResourcesBuildPhase;
			buildActionMask = 2147483647;
			files = (
			);
			runOnlyForDeploymentPostprocessing = 0;
		};
/* End PBXResourcesBuildPhase section */

/* Begin PBXSourcesBuildPhase section */
		787A4DE22B8428EE0018D58F /* Sources */ = {
			isa = PBXSourcesBuildPhase;
			buildActionMask = 2147483647;
			files = (
				787A4DEC2B8428EE0018D58F /* ContentView.swift in Sources */,
				49C015F52B88581F00029BC0 /* HealthManager.swift in Sources */,
				49C015F12B84779F00029BC0 /* HomeView.swift in Sources */,
				787A4DEA2B8428EE0018D58F /* HealthHomiesApp.swift in Sources */,
				49C015EF2B84774800029BC0 /* HealthHomieTabView.swift in Sources */,
				49C015F32B84781500029BC0 /* ActivityCard.swift in Sources */,
			);
			runOnlyForDeploymentPostprocessing = 0;
		};
		787A4DF22B8428EF0018D58F /* Sources */ = {
			isa = PBXSourcesBuildPhase;
			buildActionMask = 2147483647;
			files = (
				787A4DFB2B8428EF0018D58F /* HealthHomiesTests.swift in Sources */,
			);
			runOnlyForDeploymentPostprocessing = 0;
		};
		787A4DFC2B8428EF0018D58F /* Sources */ = {
			isa = PBXSourcesBuildPhase;
			buildActionMask = 2147483647;
			files = (
				787A4E052B8428EF0018D58F /* HealthHomiesUITests.swift in Sources */,
				787A4E072B8428EF0018D58F /* HealthHomiesUITestsLaunchTests.swift in Sources */,
			);
			runOnlyForDeploymentPostprocessing = 0;
		};
/* End PBXSourcesBuildPhase section */

/* Begin PBXTargetDependency section */
		787A4DF82B8428EF0018D58F /* PBXTargetDependency */ = {
			isa = PBXTargetDependency;
			target = 787A4DE52B8428EE0018D58F /* HealthHomies */;
			targetProxy = 787A4DF72B8428EF0018D58F /* PBXContainerItemProxy */;
		};
		787A4E022B8428EF0018D58F /* PBXTargetDependency */ = {
			isa = PBXTargetDependency;
			target = 787A4DE52B8428EE0018D58F /* HealthHomies */;
			targetProxy = 787A4E012B8428EF0018D58F /* PBXContainerItemProxy */;
		};
/* End PBXTargetDependency section */

/* Begin XCBuildConfiguration section */
		787A4E082B8428EF0018D58F /* Debug */ = {
			isa = XCBuildConfiguration;
			buildSettings = {
				ALWAYS_SEARCH_USER_PATHS = NO;
				ASSETCATALOG_COMPILER_GENERATE_SWIFT_ASSET_SYMBOL_EXTENSIONS = YES;
				CLANG_ANALYZER_NONNULL = YES;
				CLANG_ANALYZER_NUMBER_OBJECT_CONVERSION = YES_AGGRESSIVE;
				CLANG_CXX_LANGUAGE_STANDARD = "gnu++20";
				CLANG_ENABLE_MODULES = YES;
				CLANG_ENABLE_OBJC_ARC = YES;
				CLANG_ENABLE_OBJC_WEAK = YES;
				CLANG_WARN_BLOCK_CAPTURE_AUTORELEASING = YES;
				CLANG_WARN_BOOL_CONVERSION = YES;
				CLANG_WARN_COMMA = YES;
				CLANG_WARN_CONSTANT_CONVERSION = YES;
				CLANG_WARN_DEPRECATED_OBJC_IMPLEMENTATIONS = YES;
				CLANG_WARN_DIRECT_OBJC_ISA_USAGE = YES_ERROR;
				CLANG_WARN_DOCUMENTATION_COMMENTS = YES;
				CLANG_WARN_EMPTY_BODY = YES;
				CLANG_WARN_ENUM_CONVERSION = YES;
				CLANG_WARN_INFINITE_RECURSION = YES;
				CLANG_WARN_INT_CONVERSION = YES;
				CLANG_WARN_NON_LITERAL_NULL_CONVERSION = YES;
				CLANG_WARN_OBJC_IMPLICIT_RETAIN_SELF = YES;
				CLANG_WARN_OBJC_LITERAL_CONVERSION = YES;
				CLANG_WARN_OBJC_ROOT_CLASS = YES_ERROR;
				CLANG_WARN_QUOTED_INCLUDE_IN_FRAMEWORK_HEADER = YES;
				CLANG_WARN_RANGE_LOOP_ANALYSIS = YES;
				CLANG_WARN_STRICT_PROTOTYPES = YES;
				CLANG_WARN_SUSPICIOUS_MOVE = YES;
				CLANG_WARN_UNGUARDED_AVAILABILITY = YES_AGGRESSIVE;
				CLANG_WARN_UNREACHABLE_CODE = YES;
				CLANG_WARN__DUPLICATE_METHOD_MATCH = YES;
				COPY_PHASE_STRIP = NO;
				DEBUG_INFORMATION_FORMAT = dwarf;
				ENABLE_STRICT_OBJC_MSGSEND = YES;
				ENABLE_TESTABILITY = YES;
				ENABLE_USER_SCRIPT_SANDBOXING = YES;
				GCC_C_LANGUAGE_STANDARD = gnu17;
				GCC_DYNAMIC_NO_PIC = NO;
				GCC_NO_COMMON_BLOCKS = YES;
				GCC_OPTIMIZATION_LEVEL = 0;
				GCC_PREPROCESSOR_DEFINITIONS = (
					"DEBUG=1",
					"$(inherited)",
				);
				GCC_WARN_64_TO_32_BIT_CONVERSION = YES;
				GCC_WARN_ABOUT_RETURN_TYPE = YES_ERROR;
				GCC_WARN_UNDECLARED_SELECTOR = YES;
				GCC_WARN_UNINITIALIZED_AUTOS = YES_AGGRESSIVE;
				GCC_WARN_UNUSED_FUNCTION = YES;
				GCC_WARN_UNUSED_VARIABLE = YES;
				IPHONEOS_DEPLOYMENT_TARGET = 17.0;
				LOCALIZATION_PREFERS_STRING_CATALOGS = YES;
				MTL_ENABLE_DEBUG_INFO = INCLUDE_SOURCE;
				MTL_FAST_MATH = YES;
				ONLY_ACTIVE_ARCH = YES;
				SDKROOT = iphoneos;
				SWIFT_ACTIVE_COMPILATION_CONDITIONS = "DEBUG $(inherited)";
				SWIFT_OPTIMIZATION_LEVEL = "-Onone";
			};
			name = Debug;
		};
		787A4E092B8428EF0018D58F /* Release */ = {
			isa = XCBuildConfiguration;
			buildSettings = {
				ALWAYS_SEARCH_USER_PATHS = NO;
				ASSETCATALOG_COMPILER_GENERATE_SWIFT_ASSET_SYMBOL_EXTENSIONS = YES;
				CLANG_ANALYZER_NONNULL = YES;
				CLANG_ANALYZER_NUMBER_OBJECT_CONVERSION = YES_AGGRESSIVE;
				CLANG_CXX_LANGUAGE_STANDARD = "gnu++20";
				CLANG_ENABLE_MODULES = YES;
				CLANG_ENABLE_OBJC_ARC = YES;
				CLANG_ENABLE_OBJC_WEAK = YES;
				CLANG_WARN_BLOCK_CAPTURE_AUTORELEASING = YES;
				CLANG_WARN_BOOL_CONVERSION = YES;
				CLANG_WARN_COMMA = YES;
				CLANG_WARN_CONSTANT_CONVERSION = YES;
				CLANG_WARN_DEPRECATED_OBJC_IMPLEMENTATIONS = YES;
				CLANG_WARN_DIRECT_OBJC_ISA_USAGE = YES_ERROR;
				CLANG_WARN_DOCUMENTATION_COMMENTS = YES;
				CLANG_WARN_EMPTY_BODY = YES;
				CLANG_WARN_ENUM_CONVERSION = YES;
				CLANG_WARN_INFINITE_RECURSION = YES;
				CLANG_WARN_INT_CONVERSION = YES;
				CLANG_WARN_NON_LITERAL_NULL_CONVERSION = YES;
				CLANG_WARN_OBJC_IMPLICIT_RETAIN_SELF = YES;
				CLANG_WARN_OBJC_LITERAL_CONVERSION = YES;
				CLANG_WARN_OBJC_ROOT_CLASS = YES_ERROR;
				CLANG_WARN_QUOTED_INCLUDE_IN_FRAMEWORK_HEADER = YES;
				CLANG_WARN_RANGE_LOOP_ANALYSIS = YES;
				CLANG_WARN_STRICT_PROTOTYPES = YES;
				CLANG_WARN_SUSPICIOUS_MOVE = YES;
				CLANG_WARN_UNGUARDED_AVAILABILITY = YES_AGGRESSIVE;
				CLANG_WARN_UNREACHABLE_CODE = YES;
				CLANG_WARN__DUPLICATE_METHOD_MATCH = YES;
				COPY_PHASE_STRIP = NO;
				DEBUG_INFORMATION_FORMAT = "dwarf-with-dsym";
				ENABLE_NS_ASSERTIONS = NO;
				ENABLE_STRICT_OBJC_MSGSEND = YES;
				ENABLE_USER_SCRIPT_SANDBOXING = YES;
				GCC_C_LANGUAGE_STANDARD = gnu17;
				GCC_NO_COMMON_BLOCKS = YES;
				GCC_WARN_64_TO_32_BIT_CONVERSION = YES;
				GCC_WARN_ABOUT_RETURN_TYPE = YES_ERROR;
				GCC_WARN_UNDECLARED_SELECTOR = YES;
				GCC_WARN_UNINITIALIZED_AUTOS = YES_AGGRESSIVE;
				GCC_WARN_UNUSED_FUNCTION = YES;
				GCC_WARN_UNUSED_VARIABLE = YES;
				IPHONEOS_DEPLOYMENT_TARGET = 17.0;
				LOCALIZATION_PREFERS_STRING_CATALOGS = YES;
				MTL_ENABLE_DEBUG_INFO = NO;
				MTL_FAST_MATH = YES;
				SDKROOT = iphoneos;
				SWIFT_COMPILATION_MODE = wholemodule;
				VALIDATE_PRODUCT = YES;
			};
			name = Release;
		};
		787A4E0B2B8428EF0018D58F /* Debug */ = {
			isa = XCBuildConfiguration;
			buildSettings = {
				ASSETCATALOG_COMPILER_APPICON_NAME = AppIcon;
				ASSETCATALOG_COMPILER_GLOBAL_ACCENT_COLOR_NAME = AccentColor;
				CODE_SIGN_ENTITLEMENTS = HealthHomies/HealthHomies.entitlements;
				CODE_SIGN_STYLE = Automatic;
				CURRENT_PROJECT_VERSION = 1;
				DEVELOPMENT_ASSET_PATHS = "\"HealthHomies/Preview Content\"";
				DEVELOPMENT_TEAM = 36WVAUHP62;
				ENABLE_PREVIEWS = YES;
				GENERATE_INFOPLIST_FILE = YES;
				INFOPLIST_KEY_NSHealthShareUsageDescription = "Please allow access to enjoy all the features of our application";
				INFOPLIST_KEY_UIApplicationSceneManifest_Generation = YES;
				INFOPLIST_KEY_UIApplicationSupportsIndirectInputEvents = YES;
				INFOPLIST_KEY_UILaunchScreen_Generation = YES;
				INFOPLIST_KEY_UISupportedInterfaceOrientations_iPad = "UIInterfaceOrientationPortrait UIInterfaceOrientationPortraitUpsideDown UIInterfaceOrientationLandscapeLeft UIInterfaceOrientationLandscapeRight";
				INFOPLIST_KEY_UISupportedInterfaceOrientations_iPhone = "UIInterfaceOrientationPortrait UIInterfaceOrientationLandscapeLeft UIInterfaceOrientationLandscapeRight";
				LD_RUNPATH_SEARCH_PATHS = (
					"$(inherited)",
					"@executable_path/Frameworks",
				);
				MARKETING_VERSION = 1.0;
				PRODUCT_BUNDLE_IDENTIFIER = uci.cs125.HealthHomies;
				PRODUCT_NAME = "$(TARGET_NAME)";
				SUPPORTED_PLATFORMS = "iphoneos iphonesimulator";
				SUPPORTS_MACCATALYST = NO;
				SUPPORTS_MAC_DESIGNED_FOR_IPHONE_IPAD = NO;
				SUPPORTS_XR_DESIGNED_FOR_IPHONE_IPAD = NO;
				SWIFT_EMIT_LOC_STRINGS = YES;
				SWIFT_VERSION = 5.0;
				TARGETED_DEVICE_FAMILY = 1;
			};
			name = Debug;
		};
		787A4E0C2B8428EF0018D58F /* Release */ = {
			isa = XCBuildConfiguration;
			buildSettings = {
				ASSETCATALOG_COMPILER_APPICON_NAME = AppIcon;
				ASSETCATALOG_COMPILER_GLOBAL_ACCENT_COLOR_NAME = AccentColor;
				CODE_SIGN_ENTITLEMENTS = HealthHomies/HealthHomies.entitlements;
				CODE_SIGN_STYLE = Automatic;
				CURRENT_PROJECT_VERSION = 1;
				DEVELOPMENT_ASSET_PATHS = "\"HealthHomies/Preview Content\"";
				DEVELOPMENT_TEAM = 36WVAUHP62;
				ENABLE_PREVIEWS = YES;
				GENERATE_INFOPLIST_FILE = YES;
				INFOPLIST_KEY_NSHealthShareUsageDescription = "Please allow access to enjoy all the features of our application";
				INFOPLIST_KEY_UIApplicationSceneManifest_Generation = YES;
				INFOPLIST_KEY_UIApplicationSupportsIndirectInputEvents = YES;
				INFOPLIST_KEY_UILaunchScreen_Generation = YES;
				INFOPLIST_KEY_UISupportedInterfaceOrientations_iPad = "UIInterfaceOrientationPortrait UIInterfaceOrientationPortraitUpsideDown UIInterfaceOrientationLandscapeLeft UIInterfaceOrientationLandscapeRight";
				INFOPLIST_KEY_UISupportedInterfaceOrientations_iPhone = "UIInterfaceOrientationPortrait UIInterfaceOrientationLandscapeLeft UIInterfaceOrientationLandscapeRight";
				LD_RUNPATH_SEARCH_PATHS = (
					"$(inherited)",
					"@executable_path/Frameworks",
				);
				MARKETING_VERSION = 1.0;
				PRODUCT_BUNDLE_IDENTIFIER = uci.cs125.HealthHomies;
				PRODUCT_NAME = "$(TARGET_NAME)";
				SUPPORTED_PLATFORMS = "iphoneos iphonesimulator";
				SUPPORTS_MACCATALYST = NO;
				SUPPORTS_MAC_DESIGNED_FOR_IPHONE_IPAD = NO;
				SUPPORTS_XR_DESIGNED_FOR_IPHONE_IPAD = NO;
				SWIFT_EMIT_LOC_STRINGS = YES;
				SWIFT_VERSION = 5.0;
				TARGETED_DEVICE_FAMILY = 1;
			};
			name = Release;
		};
		787A4E0E2B8428EF0018D58F /* Debug */ = {
			isa = XCBuildConfiguration;
			buildSettings = {
				ALWAYS_EMBED_SWIFT_STANDARD_LIBRARIES = YES;
				BUNDLE_LOADER = "$(TEST_HOST)";
				CODE_SIGN_STYLE = Automatic;
				CURRENT_PROJECT_VERSION = 1;
				GENERATE_INFOPLIST_FILE = YES;
				IPHONEOS_DEPLOYMENT_TARGET = 17.2;
				MARKETING_VERSION = 1.0;
				PRODUCT_BUNDLE_IDENTIFIER = cs125.HealthHomiesTests;
				PRODUCT_NAME = "$(TARGET_NAME)";
				SUPPORTED_PLATFORMS = "iphoneos iphonesimulator";
				SUPPORTS_MACCATALYST = NO;
				SUPPORTS_MAC_DESIGNED_FOR_IPHONE_IPAD = NO;
				SUPPORTS_XR_DESIGNED_FOR_IPHONE_IPAD = NO;
				SWIFT_EMIT_LOC_STRINGS = NO;
				SWIFT_VERSION = 5.0;
				TARGETED_DEVICE_FAMILY = 1;
				TEST_HOST = "$(BUILT_PRODUCTS_DIR)/HealthHomies.app/$(BUNDLE_EXECUTABLE_FOLDER_PATH)/HealthHomies";
			};
			name = Debug;
		};
		787A4E0F2B8428EF0018D58F /* Release */ = {
			isa = XCBuildConfiguration;
			buildSettings = {
				ALWAYS_EMBED_SWIFT_STANDARD_LIBRARIES = YES;
				BUNDLE_LOADER = "$(TEST_HOST)";
				CODE_SIGN_STYLE = Automatic;
				CURRENT_PROJECT_VERSION = 1;
				GENERATE_INFOPLIST_FILE = YES;
				IPHONEOS_DEPLOYMENT_TARGET = 17.2;
				MARKETING_VERSION = 1.0;
				PRODUCT_BUNDLE_IDENTIFIER = cs125.HealthHomiesTests;
				PRODUCT_NAME = "$(TARGET_NAME)";
				SUPPORTED_PLATFORMS = "iphoneos iphonesimulator";
				SUPPORTS_MACCATALYST = NO;
				SUPPORTS_MAC_DESIGNED_FOR_IPHONE_IPAD = NO;
				SUPPORTS_XR_DESIGNED_FOR_IPHONE_IPAD = NO;
				SWIFT_EMIT_LOC_STRINGS = NO;
				SWIFT_VERSION = 5.0;
				TARGETED_DEVICE_FAMILY = 1;
				TEST_HOST = "$(BUILT_PRODUCTS_DIR)/HealthHomies.app/$(BUNDLE_EXECUTABLE_FOLDER_PATH)/HealthHomies";
			};
			name = Release;
		};
		787A4E112B8428EF0018D58F /* Debug */ = {
			isa = XCBuildConfiguration;
			buildSettings = {
				ALWAYS_EMBED_SWIFT_STANDARD_LIBRARIES = YES;
				CODE_SIGN_STYLE = Automatic;
				CURRENT_PROJECT_VERSION = 1;
				GENERATE_INFOPLIST_FILE = YES;
				MARKETING_VERSION = 1.0;
				PRODUCT_BUNDLE_IDENTIFIER = cs125.HealthHomiesUITests;
				PRODUCT_NAME = "$(TARGET_NAME)";
				SUPPORTED_PLATFORMS = "iphoneos iphonesimulator";
				SUPPORTS_MACCATALYST = NO;
				SUPPORTS_MAC_DESIGNED_FOR_IPHONE_IPAD = NO;
				SUPPORTS_XR_DESIGNED_FOR_IPHONE_IPAD = NO;
				SWIFT_EMIT_LOC_STRINGS = NO;
				SWIFT_VERSION = 5.0;
				TARGETED_DEVICE_FAMILY = 1;
				TEST_TARGET_NAME = HealthHomies;
			};
			name = Debug;
		};
		787A4E122B8428EF0018D58F /* Release */ = {
			isa = XCBuildConfiguration;
			buildSettings = {
				ALWAYS_EMBED_SWIFT_STANDARD_LIBRARIES = YES;
				CODE_SIGN_STYLE = Automatic;
				CURRENT_PROJECT_VERSION = 1;
				GENERATE_INFOPLIST_FILE = YES;
				MARKETING_VERSION = 1.0;
				PRODUCT_BUNDLE_IDENTIFIER = cs125.HealthHomiesUITests;
				PRODUCT_NAME = "$(TARGET_NAME)";
				SUPPORTED_PLATFORMS = "iphoneos iphonesimulator";
				SUPPORTS_MACCATALYST = NO;
				SUPPORTS_MAC_DESIGNED_FOR_IPHONE_IPAD = NO;
				SUPPORTS_XR_DESIGNED_FOR_IPHONE_IPAD = NO;
				SWIFT_EMIT_LOC_STRINGS = NO;
				SWIFT_VERSION = 5.0;
				TARGETED_DEVICE_FAMILY = 1;
				TEST_TARGET_NAME = HealthHomies;
			};
			name = Release;
		};
/* End XCBuildConfiguration section */

/* Begin XCConfigurationList section */
		787A4DE12B8428EE0018D58F /* Build configuration list for PBXProject "HealthHomies" */ = {
			isa = XCConfigurationList;
			buildConfigurations = (
				787A4E082B8428EF0018D58F /* Debug */,
				787A4E092B8428EF0018D58F /* Release */,
			);
			defaultConfigurationIsVisible = 0;
			defaultConfigurationName = Release;
		};
		787A4E0A2B8428EF0018D58F /* Build configuration list for PBXNativeTarget "HealthHomies" */ = {
			isa = XCConfigurationList;
			buildConfigurations = (
				787A4E0B2B8428EF0018D58F /* Debug */,
				787A4E0C2B8428EF0018D58F /* Release */,
			);
			defaultConfigurationIsVisible = 0;
			defaultConfigurationName = Release;
		};
		787A4E0D2B8428EF0018D58F /* Build configuration list for PBXNativeTarget "HealthHomiesTests" */ = {
			isa = XCConfigurationList;
			buildConfigurations = (
				787A4E0E2B8428EF0018D58F /* Debug */,
				787A4E0F2B8428EF0018D58F /* Release */,
			);
			defaultConfigurationIsVisible = 0;
			defaultConfigurationName = Release;
		};
		787A4E102B8428EF0018D58F /* Build configuration list for PBXNativeTarget "HealthHomiesUITests" */ = {
			isa = XCConfigurationList;
			buildConfigurations = (
				787A4E112B8428EF0018D58F /* Debug */,
				787A4E122B8428EF0018D58F /* Release */,
			);
			defaultConfigurationIsVisible = 0;
			defaultConfigurationName = Release;
		};
/* End XCConfigurationList section */

/* Begin XCRemoteSwiftPackageReference section */
		787A4E172B842A720018D58F /* XCRemoteSwiftPackageReference "firebase-ios-sdk" */ = {
			isa = XCRemoteSwiftPackageReference;
			repositoryURL = "https://github.com/firebase/firebase-ios-sdk";
			requirement = {
				kind = upToNextMajorVersion;
				minimumVersion = 10.21.0;
			};
		};
/* End XCRemoteSwiftPackageReference section */

/* Begin XCSwiftPackageProductDependency section */
		787A4E182B842A720018D58F /* FirebaseAnalytics */ = {
			isa = XCSwiftPackageProductDependency;
			package = 787A4E172B842A720018D58F /* XCRemoteSwiftPackageReference "firebase-ios-sdk" */;
			productName = FirebaseAnalytics;
		};
		787A4E1A2B842A720018D58F /* FirebaseAnalyticsSwift */ = {
			isa = XCSwiftPackageProductDependency;
			package = 787A4E172B842A720018D58F /* XCRemoteSwiftPackageReference "firebase-ios-sdk" */;
			productName = FirebaseAnalyticsSwift;
		};
		787A4E272B8432470018D58F /* FirebaseAnalyticsOnDeviceConversion */ = {
			isa = XCSwiftPackageProductDependency;
			package = 787A4E172B842A720018D58F /* XCRemoteSwiftPackageReference "firebase-ios-sdk" */;
			productName = FirebaseAnalyticsOnDeviceConversion;
		};
		787A4E292B8432470018D58F /* FirebaseAnalyticsWithoutAdIdSupport */ = {
			isa = XCSwiftPackageProductDependency;
			package = 787A4E172B842A720018D58F /* XCRemoteSwiftPackageReference "firebase-ios-sdk" */;
			productName = FirebaseAnalyticsWithoutAdIdSupport;
		};
/* End XCSwiftPackageProductDependency section */
	};
	rootObject = 787A4DDE2B8428EE0018D58F /* Project object */;
}
