// !$*UTF8*$!
{
	archiveVersion = 1;
	classes = {
	};
	objectVersion = 56;
	objects = {

/* Begin PBXBuildFile section */
		4985C5FA2B69FA9A0075B839 /* HealthHomiesApp.swift in Sources */ = {isa = PBXBuildFile; fileRef = 4985C5F92B69FA9A0075B839 /* HealthHomiesApp.swift */; };
		4985C5FC2B69FA9A0075B839 /* ContentView.swift in Sources */ = {isa = PBXBuildFile; fileRef = 4985C5FB2B69FA9A0075B839 /* ContentView.swift */; };
		4985C5FE2B69FA9C0075B839 /* Assets.xcassets in Resources */ = {isa = PBXBuildFile; fileRef = 4985C5FD2B69FA9C0075B839 /* Assets.xcassets */; };
		4985C6022B69FA9C0075B839 /* Preview Assets.xcassets in Resources */ = {isa = PBXBuildFile; fileRef = 4985C6012B69FA9C0075B839 /* Preview Assets.xcassets */; };
		4985C60C2B69FA9C0075B839 /* HealthHomiesTests.swift in Sources */ = {isa = PBXBuildFile; fileRef = 4985C60B2B69FA9C0075B839 /* HealthHomiesTests.swift */; };
		4985C6162B69FA9C0075B839 /* HealthHomiesUITests.swift in Sources */ = {isa = PBXBuildFile; fileRef = 4985C6152B69FA9C0075B839 /* HealthHomiesUITests.swift */; };
		4985C6182B69FA9C0075B839 /* HealthHomiesUITestsLaunchTests.swift in Sources */ = {isa = PBXBuildFile; fileRef = 4985C6172B69FA9C0075B839 /* HealthHomiesUITestsLaunchTests.swift */; };
/* End PBXBuildFile section */

/* Begin PBXContainerItemProxy section */
		4985C6082B69FA9C0075B839 /* PBXContainerItemProxy */ = {
			isa = PBXContainerItemProxy;
			containerPortal = 4985C5EE2B69FA9A0075B839 /* Project object */;
			proxyType = 1;
			remoteGlobalIDString = 4985C5F52B69FA9A0075B839;
			remoteInfo = HealthHomies;
		};
		4985C6122B69FA9C0075B839 /* PBXContainerItemProxy */ = {
			isa = PBXContainerItemProxy;
			containerPortal = 4985C5EE2B69FA9A0075B839 /* Project object */;
			proxyType = 1;
			remoteGlobalIDString = 4985C5F52B69FA9A0075B839;
			remoteInfo = HealthHomies;
		};
/* End PBXContainerItemProxy section */

/* Begin PBXFileReference section */
		4985C5F62B69FA9A0075B839 /* HealthHomies.app */ = {isa = PBXFileReference; explicitFileType = wrapper.application; includeInIndex = 0; path = HealthHomies.app; sourceTree = BUILT_PRODUCTS_DIR; };
		4985C5F92B69FA9A0075B839 /* HealthHomiesApp.swift */ = {isa = PBXFileReference; lastKnownFileType = sourcecode.swift; path = HealthHomiesApp.swift; sourceTree = "<group>"; };
		4985C5FB2B69FA9A0075B839 /* ContentView.swift */ = {isa = PBXFileReference; lastKnownFileType = sourcecode.swift; path = ContentView.swift; sourceTree = "<group>"; };
		4985C5FD2B69FA9C0075B839 /* Assets.xcassets */ = {isa = PBXFileReference; lastKnownFileType = folder.assetcatalog; path = Assets.xcassets; sourceTree = "<group>"; };
		4985C5FF2B69FA9C0075B839 /* HealthHomies.entitlements */ = {isa = PBXFileReference; lastKnownFileType = text.plist.entitlements; path = HealthHomies.entitlements; sourceTree = "<group>"; };
		4985C6012B69FA9C0075B839 /* Preview Assets.xcassets */ = {isa = PBXFileReference; lastKnownFileType = folder.assetcatalog; path = "Preview Assets.xcassets"; sourceTree = "<group>"; };
		4985C6072B69FA9C0075B839 /* HealthHomiesTests.xctest */ = {isa = PBXFileReference; explicitFileType = wrapper.cfbundle; includeInIndex = 0; path = HealthHomiesTests.xctest; sourceTree = BUILT_PRODUCTS_DIR; };
		4985C60B2B69FA9C0075B839 /* HealthHomiesTests.swift */ = {isa = PBXFileReference; lastKnownFileType = sourcecode.swift; path = HealthHomiesTests.swift; sourceTree = "<group>"; };
		4985C6112B69FA9C0075B839 /* HealthHomiesUITests.xctest */ = {isa = PBXFileReference; explicitFileType = wrapper.cfbundle; includeInIndex = 0; path = HealthHomiesUITests.xctest; sourceTree = BUILT_PRODUCTS_DIR; };
		4985C6152B69FA9C0075B839 /* HealthHomiesUITests.swift */ = {isa = PBXFileReference; lastKnownFileType = sourcecode.swift; path = HealthHomiesUITests.swift; sourceTree = "<group>"; };
		4985C6172B69FA9C0075B839 /* HealthHomiesUITestsLaunchTests.swift */ = {isa = PBXFileReference; lastKnownFileType = sourcecode.swift; path = HealthHomiesUITestsLaunchTests.swift; sourceTree = "<group>"; };
/* End PBXFileReference section */

/* Begin PBXFrameworksBuildPhase section */
		4985C5F32B69FA9A0075B839 /* Frameworks */ = {
			isa = PBXFrameworksBuildPhase;
			buildActionMask = 2147483647;
			files = (
			);
			runOnlyForDeploymentPostprocessing = 0;
		};
		4985C6042B69FA9C0075B839 /* Frameworks */ = {
			isa = PBXFrameworksBuildPhase;
			buildActionMask = 2147483647;
			files = (
			);
			runOnlyForDeploymentPostprocessing = 0;
		};
		4985C60E2B69FA9C0075B839 /* Frameworks */ = {
			isa = PBXFrameworksBuildPhase;
			buildActionMask = 2147483647;
			files = (
			);
			runOnlyForDeploymentPostprocessing = 0;
		};
/* End PBXFrameworksBuildPhase section */

/* Begin PBXGroup section */
		4985C5ED2B69FA9A0075B839 = {
			isa = PBXGroup;
			children = (
				4985C5F82B69FA9A0075B839 /* HealthHomies */,
				4985C60A2B69FA9C0075B839 /* HealthHomiesTests */,
				4985C6142B69FA9C0075B839 /* HealthHomiesUITests */,
				4985C5F72B69FA9A0075B839 /* Products */,
			);
			sourceTree = "<group>";
		};
		4985C5F72B69FA9A0075B839 /* Products */ = {
			isa = PBXGroup;
			children = (
				4985C5F62B69FA9A0075B839 /* HealthHomies.app */,
				4985C6072B69FA9C0075B839 /* HealthHomiesTests.xctest */,
				4985C6112B69FA9C0075B839 /* HealthHomiesUITests.xctest */,
			);
			name = Products;
			sourceTree = "<group>";
		};
		4985C5F82B69FA9A0075B839 /* HealthHomies */ = {
			isa = PBXGroup;
			children = (
				4985C5F92B69FA9A0075B839 /* HealthHomiesApp.swift */,
				4985C5FB2B69FA9A0075B839 /* ContentView.swift */,
				4985C5FD2B69FA9C0075B839 /* Assets.xcassets */,
				4985C5FF2B69FA9C0075B839 /* HealthHomies.entitlements */,
				4985C6002B69FA9C0075B839 /* Preview Content */,
			);
			path = HealthHomies;
			sourceTree = "<group>";
		};
		4985C6002B69FA9C0075B839 /* Preview Content */ = {
			isa = PBXGroup;
			children = (
				4985C6012B69FA9C0075B839 /* Preview Assets.xcassets */,
			);
			path = "Preview Content";
			sourceTree = "<group>";
		};
		4985C60A2B69FA9C0075B839 /* HealthHomiesTests */ = {
			isa = PBXGroup;
			children = (
				4985C60B2B69FA9C0075B839 /* HealthHomiesTests.swift */,
			);
			path = HealthHomiesTests;
			sourceTree = "<group>";
		};
		4985C6142B69FA9C0075B839 /* HealthHomiesUITests */ = {
			isa = PBXGroup;
			children = (
				4985C6152B69FA9C0075B839 /* HealthHomiesUITests.swift */,
				4985C6172B69FA9C0075B839 /* HealthHomiesUITestsLaunchTests.swift */,
			);
			path = HealthHomiesUITests;
			sourceTree = "<group>";
		};
/* End PBXGroup section */

/* Begin PBXNativeTarget section */
		4985C5F52B69FA9A0075B839 /* HealthHomies */ = {
			isa = PBXNativeTarget;
			buildConfigurationList = 4985C61B2B69FA9C0075B839 /* Build configuration list for PBXNativeTarget "HealthHomies" */;
			buildPhases = (
				4985C5F22B69FA9A0075B839 /* Sources */,
				4985C5F32B69FA9A0075B839 /* Frameworks */,
				4985C5F42B69FA9A0075B839 /* Resources */,
			);
			buildRules = (
			);
			dependencies = (
			);
			name = HealthHomies;
			productName = HealthHomies;
			productReference = 4985C5F62B69FA9A0075B839 /* HealthHomies.app */;
			productType = "com.apple.product-type.application";
		};
		4985C6062B69FA9C0075B839 /* HealthHomiesTests */ = {
			isa = PBXNativeTarget;
			buildConfigurationList = 4985C61E2B69FA9C0075B839 /* Build configuration list for PBXNativeTarget "HealthHomiesTests" */;
			buildPhases = (
				4985C6032B69FA9C0075B839 /* Sources */,
				4985C6042B69FA9C0075B839 /* Frameworks */,
				4985C6052B69FA9C0075B839 /* Resources */,
			);
			buildRules = (
			);
			dependencies = (
				4985C6092B69FA9C0075B839 /* PBXTargetDependency */,
			);
			name = HealthHomiesTests;
			productName = HealthHomiesTests;
			productReference = 4985C6072B69FA9C0075B839 /* HealthHomiesTests.xctest */;
			productType = "com.apple.product-type.bundle.unit-test";
		};
		4985C6102B69FA9C0075B839 /* HealthHomiesUITests */ = {
			isa = PBXNativeTarget;
			buildConfigurationList = 4985C6212B69FA9C0075B839 /* Build configuration list for PBXNativeTarget "HealthHomiesUITests" */;
			buildPhases = (
				4985C60D2B69FA9C0075B839 /* Sources */,
				4985C60E2B69FA9C0075B839 /* Frameworks */,
				4985C60F2B69FA9C0075B839 /* Resources */,
			);
			buildRules = (
			);
			dependencies = (
				4985C6132B69FA9C0075B839 /* PBXTargetDependency */,
			);
			name = HealthHomiesUITests;
			productName = HealthHomiesUITests;
			productReference = 4985C6112B69FA9C0075B839 /* HealthHomiesUITests.xctest */;
			productType = "com.apple.product-type.bundle.ui-testing";
		};
/* End PBXNativeTarget section */

/* Begin PBXProject section */
		4985C5EE2B69FA9A0075B839 /* Project object */ = {
			isa = PBXProject;
			attributes = {
				BuildIndependentTargetsInParallel = 1;
				LastSwiftUpdateCheck = 1520;
				LastUpgradeCheck = 1520;
				TargetAttributes = {
					4985C5F52B69FA9A0075B839 = {
						CreatedOnToolsVersion = 15.2;
					};
					4985C6062B69FA9C0075B839 = {
						CreatedOnToolsVersion = 15.2;
						TestTargetID = 4985C5F52B69FA9A0075B839;
					};
					4985C6102B69FA9C0075B839 = {
						CreatedOnToolsVersion = 15.2;
						TestTargetID = 4985C5F52B69FA9A0075B839;
					};
				};
			};
			buildConfigurationList = 4985C5F12B69FA9A0075B839 /* Build configuration list for PBXProject "HealthHomies" */;
			compatibilityVersion = "Xcode 14.0";
			developmentRegion = en;
			hasScannedForEncodings = 0;
			knownRegions = (
				en,
				Base,
			);
			mainGroup = 4985C5ED2B69FA9A0075B839;
			productRefGroup = 4985C5F72B69FA9A0075B839 /* Products */;
			projectDirPath = "";
			projectRoot = "";
			targets = (
				4985C5F52B69FA9A0075B839 /* HealthHomies */,
				4985C6062B69FA9C0075B839 /* HealthHomiesTests */,
				4985C6102B69FA9C0075B839 /* HealthHomiesUITests */,
			);
		};
/* End PBXProject section */

/* Begin PBXResourcesBuildPhase section */
		4985C5F42B69FA9A0075B839 /* Resources */ = {
			isa = PBXResourcesBuildPhase;
			buildActionMask = 2147483647;
			files = (
				4985C6022B69FA9C0075B839 /* Preview Assets.xcassets in Resources */,
				4985C5FE2B69FA9C0075B839 /* Assets.xcassets in Resources */,
			);
			runOnlyForDeploymentPostprocessing = 0;
		};
		4985C6052B69FA9C0075B839 /* Resources */ = {
			isa = PBXResourcesBuildPhase;
			buildActionMask = 2147483647;
			files = (
			);
			runOnlyForDeploymentPostprocessing = 0;
		};
		4985C60F2B69FA9C0075B839 /* Resources */ = {
			isa = PBXResourcesBuildPhase;
			buildActionMask = 2147483647;
			files = (
			);
			runOnlyForDeploymentPostprocessing = 0;
		};
/* End PBXResourcesBuildPhase section */

/* Begin PBXSourcesBuildPhase section */
		4985C5F22B69FA9A0075B839 /* Sources */ = {
			isa = PBXSourcesBuildPhase;
			buildActionMask = 2147483647;
			files = (
				4985C5FC2B69FA9A0075B839 /* ContentView.swift in Sources */,
				4985C5FA2B69FA9A0075B839 /* HealthHomiesApp.swift in Sources */,
			);
			runOnlyForDeploymentPostprocessing = 0;
		};
		4985C6032B69FA9C0075B839 /* Sources */ = {
			isa = PBXSourcesBuildPhase;
			buildActionMask = 2147483647;
			files = (
				4985C60C2B69FA9C0075B839 /* HealthHomiesTests.swift in Sources */,
			);
			runOnlyForDeploymentPostprocessing = 0;
		};
		4985C60D2B69FA9C0075B839 /* Sources */ = {
			isa = PBXSourcesBuildPhase;
			buildActionMask = 2147483647;
			files = (
				4985C6162B69FA9C0075B839 /* HealthHomiesUITests.swift in Sources */,
				4985C6182B69FA9C0075B839 /* HealthHomiesUITestsLaunchTests.swift in Sources */,
			);
			runOnlyForDeploymentPostprocessing = 0;
		};
/* End PBXSourcesBuildPhase section */

/* Begin PBXTargetDependency section */
		4985C6092B69FA9C0075B839 /* PBXTargetDependency */ = {
			isa = PBXTargetDependency;
			target = 4985C5F52B69FA9A0075B839 /* HealthHomies */;
			targetProxy = 4985C6082B69FA9C0075B839 /* PBXContainerItemProxy */;
		};
		4985C6132B69FA9C0075B839 /* PBXTargetDependency */ = {
			isa = PBXTargetDependency;
			target = 4985C5F52B69FA9A0075B839 /* HealthHomies */;
			targetProxy = 4985C6122B69FA9C0075B839 /* PBXContainerItemProxy */;
		};
/* End PBXTargetDependency section */

/* Begin XCBuildConfiguration section */
		4985C6192B69FA9C0075B839 /* Debug */ = {
			isa = XCBuildConfiguration;
			buildSettings = {
				ALWAYS_SEARCH_USER_PATHS = NO;
				ASSETCATALOG_COMPILER_GENERATE_SWIFT_ASSET_SYMBOL_EXTENSIONS = YES;
				CLANG_ANALYZER_NONNULL = YES;
				CLANG_ANALYZER_NUMBER_OBJECT_CONVERSION = YES_AGGRESSIVE;
				CLANG_CXX_LANGUAGE_STANDARD = "gnu++20";
				CLANG_ENABLE_MODULES = YES;
				CLANG_ENABLE_OBJC_ARC = YES;
				CLANG_ENABLE_OBJC_WEAK = YES;
				CLANG_WARN_BLOCK_CAPTURE_AUTORELEASING = YES;
				CLANG_WARN_BOOL_CONVERSION = YES;
				CLANG_WARN_COMMA = YES;
				CLANG_WARN_CONSTANT_CONVERSION = YES;
				CLANG_WARN_DEPRECATED_OBJC_IMPLEMENTATIONS = YES;
				CLANG_WARN_DIRECT_OBJC_ISA_USAGE = YES_ERROR;
				CLANG_WARN_DOCUMENTATION_COMMENTS = YES;
				CLANG_WARN_EMPTY_BODY = YES;
				CLANG_WARN_ENUM_CONVERSION = YES;
				CLANG_WARN_INFINITE_RECURSION = YES;
				CLANG_WARN_INT_CONVERSION = YES;
				CLANG_WARN_NON_LITERAL_NULL_CONVERSION = YES;
				CLANG_WARN_OBJC_IMPLICIT_RETAIN_SELF = YES;
				CLANG_WARN_OBJC_LITERAL_CONVERSION = YES;
				CLANG_WARN_OBJC_ROOT_CLASS = YES_ERROR;
				CLANG_WARN_QUOTED_INCLUDE_IN_FRAMEWORK_HEADER = YES;
				CLANG_WARN_RANGE_LOOP_ANALYSIS = YES;
				CLANG_WARN_STRICT_PROTOTYPES = YES;
				CLANG_WARN_SUSPICIOUS_MOVE = YES;
				CLANG_WARN_UNGUARDED_AVAILABILITY = YES_AGGRESSIVE;
				CLANG_WARN_UNREACHABLE_CODE = YES;
				CLANG_WARN__DUPLICATE_METHOD_MATCH = YES;
				COPY_PHASE_STRIP = NO;
				DEBUG_INFORMATION_FORMAT = dwarf;
				ENABLE_STRICT_OBJC_MSGSEND = YES;
				ENABLE_TESTABILITY = YES;
				ENABLE_USER_SCRIPT_SANDBOXING = YES;
				GCC_C_LANGUAGE_STANDARD = gnu17;
				GCC_DYNAMIC_NO_PIC = NO;
				GCC_NO_COMMON_BLOCKS = YES;
				GCC_OPTIMIZATION_LEVEL = 0;
				GCC_PREPROCESSOR_DEFINITIONS = (
					"DEBUG=1",
					"$(inherited)",
				);
				GCC_WARN_64_TO_32_BIT_CONVERSION = YES;
				GCC_WARN_ABOUT_RETURN_TYPE = YES_ERROR;
				GCC_WARN_UNDECLARED_SELECTOR = YES;
				GCC_WARN_UNINITIALIZED_AUTOS = YES_AGGRESSIVE;
				GCC_WARN_UNUSED_FUNCTION = YES;
				GCC_WARN_UNUSED_VARIABLE = YES;
				LOCALIZATION_PREFERS_STRING_CATALOGS = YES;
				MTL_ENABLE_DEBUG_INFO = INCLUDE_SOURCE;
				MTL_FAST_MATH = YES;
				ONLY_ACTIVE_ARCH = YES;
				SWIFT_ACTIVE_COMPILATION_CONDITIONS = "DEBUG $(inherited)";
				SWIFT_OPTIMIZATION_LEVEL = "-Onone";
			};
			name = Debug;
		};
		4985C61A2B69FA9C0075B839 /* Release */ = {
			isa = XCBuildConfiguration;
			buildSettings = {
				ALWAYS_SEARCH_USER_PATHS = NO;
				ASSETCATALOG_COMPILER_GENERATE_SWIFT_ASSET_SYMBOL_EXTENSIONS = YES;
				CLANG_ANALYZER_NONNULL = YES;
				CLANG_ANALYZER_NUMBER_OBJECT_CONVERSION = YES_AGGRESSIVE;
				CLANG_CXX_LANGUAGE_STANDARD = "gnu++20";
				CLANG_ENABLE_MODULES = YES;
				CLANG_ENABLE_OBJC_ARC = YES;
				CLANG_ENABLE_OBJC_WEAK = YES;
				CLANG_WARN_BLOCK_CAPTURE_AUTORELEASING = YES;
				CLANG_WARN_BOOL_CONVERSION = YES;
				CLANG_WARN_COMMA = YES;
				CLANG_WARN_CONSTANT_CONVERSION = YES;
				CLANG_WARN_DEPRECATED_OBJC_IMPLEMENTATIONS = YES;
				CLANG_WARN_DIRECT_OBJC_ISA_USAGE = YES_ERROR;
				CLANG_WARN_DOCUMENTATION_COMMENTS = YES;
				CLANG_WARN_EMPTY_BODY = YES;
				CLANG_WARN_ENUM_CONVERSION = YES;
				CLANG_WARN_INFINITE_RECURSION = YES;
				CLANG_WARN_INT_CONVERSION = YES;
				CLANG_WARN_NON_LITERAL_NULL_CONVERSION = YES;
				CLANG_WARN_OBJC_IMPLICIT_RETAIN_SELF = YES;
				CLANG_WARN_OBJC_LITERAL_CONVERSION = YES;
				CLANG_WARN_OBJC_ROOT_CLASS = YES_ERROR;
				CLANG_WARN_QUOTED_INCLUDE_IN_FRAMEWORK_HEADER = YES;
				CLANG_WARN_RANGE_LOOP_ANALYSIS = YES;
				CLANG_WARN_STRICT_PROTOTYPES = YES;
				CLANG_WARN_SUSPICIOUS_MOVE = YES;
				CLANG_WARN_UNGUARDED_AVAILABILITY = YES_AGGRESSIVE;
				CLANG_WARN_UNREACHABLE_CODE = YES;
				CLANG_WARN__DUPLICATE_METHOD_MATCH = YES;
				COPY_PHASE_STRIP = NO;
				DEBUG_INFORMATION_FORMAT = "dwarf-with-dsym";
				ENABLE_NS_ASSERTIONS = NO;
				ENABLE_STRICT_OBJC_MSGSEND = YES;
				ENABLE_USER_SCRIPT_SANDBOXING = YES;
				GCC_C_LANGUAGE_STANDARD = gnu17;
				GCC_NO_COMMON_BLOCKS = YES;
				GCC_WARN_64_TO_32_BIT_CONVERSION = YES;
				GCC_WARN_ABOUT_RETURN_TYPE = YES_ERROR;
				GCC_WARN_UNDECLARED_SELECTOR = YES;
				GCC_WARN_UNINITIALIZED_AUTOS = YES_AGGRESSIVE;
				GCC_WARN_UNUSED_FUNCTION = YES;
				GCC_WARN_UNUSED_VARIABLE = YES;
				LOCALIZATION_PREFERS_STRING_CATALOGS = YES;
				MTL_ENABLE_DEBUG_INFO = NO;
				MTL_FAST_MATH = YES;
				SWIFT_COMPILATION_MODE = wholemodule;
			};
			name = Release;
		};
		4985C61C2B69FA9C0075B839 /* Debug */ = {
			isa = XCBuildConfiguration;
			buildSettings = {
				ASSETCATALOG_COMPILER_APPICON_NAME = AppIcon;
				ASSETCATALOG_COMPILER_GLOBAL_ACCENT_COLOR_NAME = AccentColor;
				CODE_SIGN_ENTITLEMENTS = HealthHomies/HealthHomies.entitlements;
				CODE_SIGN_STYLE = Automatic;
				CURRENT_PROJECT_VERSION = 1;
				DEVELOPMENT_ASSET_PATHS = "\"HealthHomies/Preview Content\"";
				ENABLE_PREVIEWS = YES;
				GENERATE_INFOPLIST_FILE = YES;
				"INFOPLIST_KEY_UIApplicationSceneManifest_Generation[sdk=iphoneos*]" = YES;
				"INFOPLIST_KEY_UIApplicationSceneManifest_Generation[sdk=iphonesimulator*]" = YES;
				"INFOPLIST_KEY_UIApplicationSupportsIndirectInputEvents[sdk=iphoneos*]" = YES;
				"INFOPLIST_KEY_UIApplicationSupportsIndirectInputEvents[sdk=iphonesimulator*]" = YES;
				"INFOPLIST_KEY_UILaunchScreen_Generation[sdk=iphoneos*]" = YES;
				"INFOPLIST_KEY_UILaunchScreen_Generation[sdk=iphonesimulator*]" = YES;
				"INFOPLIST_KEY_UIStatusBarStyle[sdk=iphoneos*]" = UIStatusBarStyleDefault;
				"INFOPLIST_KEY_UIStatusBarStyle[sdk=iphonesimulator*]" = UIStatusBarStyleDefault;
				INFOPLIST_KEY_UISupportedInterfaceOrientations_iPad = "UIInterfaceOrientationPortrait UIInterfaceOrientationPortraitUpsideDown UIInterfaceOrientationLandscapeLeft UIInterfaceOrientationLandscapeRight";
				INFOPLIST_KEY_UISupportedInterfaceOrientations_iPhone = "UIInterfaceOrientationPortrait UIInterfaceOrientationLandscapeLeft UIInterfaceOrientationLandscapeRight";
				IPHONEOS_DEPLOYMENT_TARGET = 17.2;
				LD_RUNPATH_SEARCH_PATHS = "@executable_path/Frameworks";
				"LD_RUNPATH_SEARCH_PATHS[sdk=macosx*]" = "@executable_path/../Frameworks";
				MACOSX_DEPLOYMENT_TARGET = 14.2;
				MARKETING_VERSION = 1.0;
				PRODUCT_BUNDLE_IDENTIFIER = com.HealthHomies;
				PRODUCT_NAME = "$(TARGET_NAME)";
				SDKROOT = auto;
				SUPPORTED_PLATFORMS = "iphoneos iphonesimulator macosx";
				SWIFT_EMIT_LOC_STRINGS = YES;
				SWIFT_VERSION = 5.0;
				TARGETED_DEVICE_FAMILY = "1,2";
			};
			name = Debug;
		};
		4985C61D2B69FA9C0075B839 /* Release */ = {
			isa = XCBuildConfiguration;
			buildSettings = {
				ASSETCATALOG_COMPILER_APPICON_NAME = AppIcon;
				ASSETCATALOG_COMPILER_GLOBAL_ACCENT_COLOR_NAME = AccentColor;
				CODE_SIGN_ENTITLEMENTS = HealthHomies/HealthHomies.entitlements;
				CODE_SIGN_STYLE = Automatic;
				CURRENT_PROJECT_VERSION = 1;
				DEVELOPMENT_ASSET_PATHS = "\"HealthHomies/Preview Content\"";
				ENABLE_PREVIEWS = YES;
				GENERATE_INFOPLIST_FILE = YES;
				"INFOPLIST_KEY_UIApplicationSceneManifest_Generation[sdk=iphoneos*]" = YES;
				"INFOPLIST_KEY_UIApplicationSceneManifest_Generation[sdk=iphonesimulator*]" = YES;
				"INFOPLIST_KEY_UIApplicationSupportsIndirectInputEvents[sdk=iphoneos*]" = YES;
				"INFOPLIST_KEY_UIApplicationSupportsIndirectInputEvents[sdk=iphonesimulator*]" = YES;
				"INFOPLIST_KEY_UILaunchScreen_Generation[sdk=iphoneos*]" = YES;
				"INFOPLIST_KEY_UILaunchScreen_Generation[sdk=iphonesimulator*]" = YES;
				"INFOPLIST_KEY_UIStatusBarStyle[sdk=iphoneos*]" = UIStatusBarStyleDefault;
				"INFOPLIST_KEY_UIStatusBarStyle[sdk=iphonesimulator*]" = UIStatusBarStyleDefault;
				INFOPLIST_KEY_UISupportedInterfaceOrientations_iPad = "UIInterfaceOrientationPortrait UIInterfaceOrientationPortraitUpsideDown UIInterfaceOrientationLandscapeLeft UIInterfaceOrientationLandscapeRight";
				INFOPLIST_KEY_UISupportedInterfaceOrientations_iPhone = "UIInterfaceOrientationPortrait UIInterfaceOrientationLandscapeLeft UIInterfaceOrientationLandscapeRight";
				IPHONEOS_DEPLOYMENT_TARGET = 17.2;
				LD_RUNPATH_SEARCH_PATHS = "@executable_path/Frameworks";
				"LD_RUNPATH_SEARCH_PATHS[sdk=macosx*]" = "@executable_path/../Frameworks";
				MACOSX_DEPLOYMENT_TARGET = 14.2;
				MARKETING_VERSION = 1.0;
				PRODUCT_BUNDLE_IDENTIFIER = com.HealthHomies;
				PRODUCT_NAME = "$(TARGET_NAME)";
				SDKROOT = auto;
				SUPPORTED_PLATFORMS = "iphoneos iphonesimulator macosx";
				SWIFT_EMIT_LOC_STRINGS = YES;
				SWIFT_VERSION = 5.0;
				TARGETED_DEVICE_FAMILY = "1,2";
			};
			name = Release;
		};
		4985C61F2B69FA9C0075B839 /* Debug */ = {
			isa = XCBuildConfiguration;
			buildSettings = {
				ALWAYS_EMBED_SWIFT_STANDARD_LIBRARIES = YES;
				BUNDLE_LOADER = "$(TEST_HOST)";
				CODE_SIGN_STYLE = Automatic;
				CURRENT_PROJECT_VERSION = 1;
				GENERATE_INFOPLIST_FILE = YES;
				IPHONEOS_DEPLOYMENT_TARGET = 17.2;
				MACOSX_DEPLOYMENT_TARGET = 14.2;
				MARKETING_VERSION = 1.0;
				PRODUCT_BUNDLE_IDENTIFIER = com.HealthHomiesTests;
				PRODUCT_NAME = "$(TARGET_NAME)";
				SDKROOT = auto;
				SUPPORTED_PLATFORMS = "iphoneos iphonesimulator macosx";
				SWIFT_EMIT_LOC_STRINGS = NO;
				SWIFT_VERSION = 5.0;
				TARGETED_DEVICE_FAMILY = "1,2";
				TEST_HOST = "$(BUILT_PRODUCTS_DIR)/HealthHomies.app/$(BUNDLE_EXECUTABLE_FOLDER_PATH)/HealthHomies";
			};
			name = Debug;
		};
		4985C6202B69FA9C0075B839 /* Release */ = {
			isa = XCBuildConfiguration;
			buildSettings = {
				ALWAYS_EMBED_SWIFT_STANDARD_LIBRARIES = YES;
				BUNDLE_LOADER = "$(TEST_HOST)";
				CODE_SIGN_STYLE = Automatic;
				CURRENT_PROJECT_VERSION = 1;
				GENERATE_INFOPLIST_FILE = YES;
				IPHONEOS_DEPLOYMENT_TARGET = 17.2;
				MACOSX_DEPLOYMENT_TARGET = 14.2;
				MARKETING_VERSION = 1.0;
				PRODUCT_BUNDLE_IDENTIFIER = com.HealthHomiesTests;
				PRODUCT_NAME = "$(TARGET_NAME)";
				SDKROOT = auto;
				SUPPORTED_PLATFORMS = "iphoneos iphonesimulator macosx";
				SWIFT_EMIT_LOC_STRINGS = NO;
				SWIFT_VERSION = 5.0;
				TARGETED_DEVICE_FAMILY = "1,2";
				TEST_HOST = "$(BUILT_PRODUCTS_DIR)/HealthHomies.app/$(BUNDLE_EXECUTABLE_FOLDER_PATH)/HealthHomies";
			};
			name = Release;
		};
		4985C6222B69FA9C0075B839 /* Debug */ = {
			isa = XCBuildConfiguration;
			buildSettings = {
				ALWAYS_EMBED_SWIFT_STANDARD_LIBRARIES = YES;
				CODE_SIGN_STYLE = Automatic;
				CURRENT_PROJECT_VERSION = 1;
				GENERATE_INFOPLIST_FILE = YES;
				IPHONEOS_DEPLOYMENT_TARGET = 17.2;
				MACOSX_DEPLOYMENT_TARGET = 14.2;
				MARKETING_VERSION = 1.0;
				PRODUCT_BUNDLE_IDENTIFIER = com.HealthHomiesUITests;
				PRODUCT_NAME = "$(TARGET_NAME)";
				SDKROOT = auto;
				SUPPORTED_PLATFORMS = "iphoneos iphonesimulator macosx";
				SWIFT_EMIT_LOC_STRINGS = NO;
				SWIFT_VERSION = 5.0;
				TARGETED_DEVICE_FAMILY = "1,2";
				TEST_TARGET_NAME = HealthHomies;
			};
			name = Debug;
		};
		4985C6232B69FA9C0075B839 /* Release */ = {
			isa = XCBuildConfiguration;
			buildSettings = {
				ALWAYS_EMBED_SWIFT_STANDARD_LIBRARIES = YES;
				CODE_SIGN_STYLE = Automatic;
				CURRENT_PROJECT_VERSION = 1;
				GENERATE_INFOPLIST_FILE = YES;
				IPHONEOS_DEPLOYMENT_TARGET = 17.2;
				MACOSX_DEPLOYMENT_TARGET = 14.2;
				MARKETING_VERSION = 1.0;
				PRODUCT_BUNDLE_IDENTIFIER = com.HealthHomiesUITests;
				PRODUCT_NAME = "$(TARGET_NAME)";
				SDKROOT = auto;
				SUPPORTED_PLATFORMS = "iphoneos iphonesimulator macosx";
				SWIFT_EMIT_LOC_STRINGS = NO;
				SWIFT_VERSION = 5.0;
				TARGETED_DEVICE_FAMILY = "1,2";
				TEST_TARGET_NAME = HealthHomies;
			};
			name = Release;
		};
/* End XCBuildConfiguration section */

/* Begin XCConfigurationList section */
		4985C5F12B69FA9A0075B839 /* Build configuration list for PBXProject "HealthHomies" */ = {
			isa = XCConfigurationList;
			buildConfigurations = (
				4985C6192B69FA9C0075B839 /* Debug */,
				4985C61A2B69FA9C0075B839 /* Release */,
			);
			defaultConfigurationIsVisible = 0;
			defaultConfigurationName = Release;
		};
		4985C61B2B69FA9C0075B839 /* Build configuration list for PBXNativeTarget "HealthHomies" */ = {
			isa = XCConfigurationList;
			buildConfigurations = (
				4985C61C2B69FA9C0075B839 /* Debug */,
				4985C61D2B69FA9C0075B839 /* Release */,
			);
			defaultConfigurationIsVisible = 0;
			defaultConfigurationName = Release;
		};
		4985C61E2B69FA9C0075B839 /* Build configuration list for PBXNativeTarget "HealthHomiesTests" */ = {
			isa = XCConfigurationList;
			buildConfigurations = (
				4985C61F2B69FA9C0075B839 /* Debug */,
				4985C6202B69FA9C0075B839 /* Release */,
			);
			defaultConfigurationIsVisible = 0;
			defaultConfigurationName = Release;
		};
		4985C6212B69FA9C0075B839 /* Build configuration list for PBXNativeTarget "HealthHomiesUITests" */ = {
			isa = XCConfigurationList;
			buildConfigurations = (
				4985C6222B69FA9C0075B839 /* Debug */,
				4985C6232B69FA9C0075B839 /* Release */,
			);
			defaultConfigurationIsVisible = 0;
			defaultConfigurationName = Release;
		};
/* End XCConfigurationList section */
	};
	rootObject = 4985C5EE2B69FA9A0075B839 /* Project object */;
}
